
Microsoft Visual Studio Solution File, Format Version 12.00
# Visual Studio Version 17
VisualStudioVersion = 17.5.002.0
MinimumVisualStudioVersion = 10.0.40219.1
Project("{9A19103F-16F7-4668-BE54-9A1E7A4F7556}") = "VirtualZooManagementSystem", "VirtualZooManagementSystem.csproj", "{ED063766-5473-4663-AACC-F686383F509C}"
EndProject
Global
	GlobalSection(SolutionConfigurationPlatforms) = preSolution
		Debug|Any CPU = Debug|Any CPU
		Release|Any CPU = Release|Any CPU
	EndGlobalSection
	GlobalSection(ProjectConfigurationPlatforms) = postSolution
		{ED063766-5473-4663-AACC-F686383F509C}.Debug|Any CPU.ActiveCfg = Debug|Any CPU
		{ED063766-5473-4663-AACC-F686383F509C}.Debug|Any CPU.Build.0 = Debug|Any CPU
		{ED063766-5473-4663-AACC-F686383F509C}.Release|Any CPU.ActiveCfg = Release|Any CPU
		{ED063766-5473-4663-AACC-F686383F509C}.Release|Any CPU.Build.0 = Release|Any CPU
	EndGlobalSection
	GlobalSection(SolutionProperties) = preSolution
		HideSolutionNode = FALSE
	EndGlobalSection
	GlobalSection(ExtensibilityGlobals) = postSolution
		SolutionGuid = {2AA5C733-FF43-4286-A408-C32A2CF036BA}
	EndGlobalSection
EndGlobal
